
Microsoft Visual Studio Solution File, Format Version 10.00
# Visual Studio 2008
Project("{FAE04EC0-301F-11D3-BF4B-00C04F79EFBC}") = "IjwFramework", "IjwFramework\IjwFramework.csproj", "{B5C3248A-C1F7-4377-B3B9-5F0E1171C1F9}"
EndProject
Project("{FAE04EC0-301F-11D3-BF4B-00C04F79EFBC}") = "IjwFrameworkTests", "IjwFrameworkTests\IjwFrameworkTests.csproj", "{BB98FDB8-E446-452D-BD25-E387E012B3C9}"
EndProject
Project("{FAE04EC0-301F-11D3-BF4B-00C04F79EFBC}") = "Ijw.Math", "Ijw.Math\Ijw.Math.csproj", "{622A1A63-6568-427D-B32F-079C30FF035F}"
EndProject
Project("{FAE04EC0-301F-11D3-BF4B-00C04F79EFBC}") = "Ijw.Updates", "Ijw.Updates\Ijw.Updates.csproj", "{6C49FDDB-C47B-4482-9B9F-253D03890CF9}"
EndProject
Project("{FAE04EC0-301F-11D3-BF4B-00C04F79EFBC}") = "Ijw.Framework.v35", "Ijw.Framework.v35\Ijw.Framework.v35.csproj", "{E114C839-2319-4CAB-A154-1BFD9DC78F4F}"
EndProject
Global
	GlobalSection(SolutionConfigurationPlatforms) = preSolution
		Debug|Any CPU = Debug|Any CPU
		Release|Any CPU = Release|Any CPU
	EndGlobalSection
	GlobalSection(ProjectConfigurationPlatforms) = postSolution
		{B5C3248A-C1F7-4377-B3B9-5F0E1171C1F9}.Debug|Any CPU.ActiveCfg = Debug|Any CPU
		{B5C3248A-C1F7-4377-B3B9-5F0E1171C1F9}.Debug|Any CPU.Build.0 = Debug|Any CPU
		{B5C3248A-C1F7-4377-B3B9-5F0E1171C1F9}.Release|Any CPU.ActiveCfg = Release|Any CPU
		{B5C3248A-C1F7-4377-B3B9-5F0E1171C1F9}.Release|Any CPU.Build.0 = Release|Any CPU
		{BB98FDB8-E446-452D-BD25-E387E012B3C9}.Debug|Any CPU.ActiveCfg = Debug|Any CPU
		{BB98FDB8-E446-452D-BD25-E387E012B3C9}.Debug|Any CPU.Build.0 = Debug|Any CPU
		{BB98FDB8-E446-452D-BD25-E387E012B3C9}.Release|Any CPU.ActiveCfg = Release|Any CPU
		{BB98FDB8-E446-452D-BD25-E387E012B3C9}.Release|Any CPU.Build.0 = Release|Any CPU
		{622A1A63-6568-427D-B32F-079C30FF035F}.Debug|Any CPU.ActiveCfg = Debug|Any CPU
		{622A1A63-6568-427D-B32F-079C30FF035F}.Debug|Any CPU.Build.0 = Debug|Any CPU
		{622A1A63-6568-427D-B32F-079C30FF035F}.Release|Any CPU.ActiveCfg = Release|Any CPU
		{622A1A63-6568-427D-B32F-079C30FF035F}.Release|Any CPU.Build.0 = Release|Any CPU
		{6C49FDDB-C47B-4482-9B9F-253D03890CF9}.Debug|Any CPU.ActiveCfg = Debug|Any CPU
		{6C49FDDB-C47B-4482-9B9F-253D03890CF9}.Debug|Any CPU.Build.0 = Debug|Any CPU
		{6C49FDDB-C47B-4482-9B9F-253D03890CF9}.Release|Any CPU.ActiveCfg = Release|Any CPU
		{6C49FDDB-C47B-4482-9B9F-253D03890CF9}.Release|Any CPU.Build.0 = Release|Any CPU
		{E114C839-2319-4CAB-A154-1BFD9DC78F4F}.Debug|Any CPU.ActiveCfg = Debug|Any CPU
		{E114C839-2319-4CAB-A154-1BFD9DC78F4F}.Debug|Any CPU.Build.0 = Debug|Any CPU
		{E114C839-2319-4CAB-A154-1BFD9DC78F4F}.Release|Any CPU.ActiveCfg = Release|Any CPU
		{E114C839-2319-4CAB-A154-1BFD9DC78F4F}.Release|Any CPU.Build.0 = Release|Any CPU
	EndGlobalSection
	GlobalSection(SolutionProperties) = preSolution
		HideSolutionNode = FALSE
	EndGlobalSection
EndGlobal
